{
  "name": "wacom-driver-fix",
  "version": "1.0.0",
  "lockfileVersion": 1,
  "requires": true,
  "dependencies": {
    "marked": {
      "version": "2.0.0",
      "resolved": "https://registry.npmjs.org/marked/-/marked-2.0.0.tgz",
      "integrity": "sha512-NqRSh2+LlN2NInpqTQnS614Y/3NkVMFFU6sJlRFEpxJ/LHuK/qJECH7/fXZjk4VZstPW/Pevjil/VtSONsLc7Q=="
    }
  }
}
